
Microsoft Visual Studio Solution File, Format Version 12.00
# Visual Studio 15
VisualStudioVersion = 15.0.28307.329
MinimumVisualStudioVersion = 10.0.40219.1
Project("{151D2E53-A2C4-4D7D-83FE-D05416EBD58E}") = "AzureExercise1", "AzureExercise1\AzureExercise1.deployproj", "{A9A9A3C2-DC38-4756-9552-4613C69CE873}"
EndProject
Project("{FAE04EC0-301F-11D3-BF4B-00C04F79EFBC}") = "AzExercise1", "AzExercise1\AzExercise1.csproj", "{4B5FD4B5-ADCD-4377-A9B2-E8F997F6F2ED}"
EndProject
Project("{2150E333-8FDC-42A3-9474-1A3956D46DE8}") = "TemplatesTest", "TemplatesTest", "{FB814DA0-8926-4E9C-9C30-75DEA5F680D2}"
EndProject
Project("{2150E333-8FDC-42A3-9474-1A3956D46DE8}") = "Exercise01", "Exercise01", "{99F16AFA-4E15-4CDD-816C-56FB3C66735F}"
EndProject
Project("{151D2E53-A2C4-4D7D-83FE-D05416EBD58E}") = "AzureRG1", "AzureRG1\AzureRG1.deployproj", "{7345A530-19F6-4F74-88C0-345182E74A2C}"
EndProject
Project("{9A19103F-16F7-4668-BE54-9A1E7A4F7556}") = "WebApiEx1", "WebApiEx1\WebApiEx1.csproj", "{15F28358-9B78-47E7-9C96-B1DDA7974D5D}"
EndProject
Project("{9A19103F-16F7-4668-BE54-9A1E7A4F7556}") = "WebAppEx1", "WebAppEx1\WebAppEx1.csproj", "{61E12C78-931E-49BB-9A70-06EE128B2215}"
EndProject
Project("{2150E333-8FDC-42A3-9474-1A3956D46DE8}") = "Exercise02", "Exercise02", "{51FD898F-DB00-40DD-B346-1D35E9848731}"
EndProject
Project("{151D2E53-A2C4-4D7D-83FE-D05416EBD58E}") = "AzureRG2", "AzureRG2\AzureRG2.deployproj", "{2AF0DFB2-57C0-4A0B-9197-7D6E9817607F}"
EndProject
Project("{9A19103F-16F7-4668-BE54-9A1E7A4F7556}") = "WebApiEx2", "WebApiEx2\WebApiEx2.csproj", "{13BDA3AE-57B1-43BA-A01B-7F7CFE670BF0}"
EndProject
Project("{9A19103F-16F7-4668-BE54-9A1E7A4F7556}") = "WebAppEx2", "WebAppEx2\WebAppEx2.csproj", "{2060882B-D70C-43A3-A185-CDE54DFF98F7}"
EndProject
Project("{FAE04EC0-301F-11D3-BF4B-00C04F79EFBC}") = "Domain", "Domain\Domain.csproj", "{0F18CEA3-AB2C-4108-9C12-CF8258431770}"
EndProject
Global
	GlobalSection(SolutionConfigurationPlatforms) = preSolution
		Debug|Any CPU = Debug|Any CPU
		Release|Any CPU = Release|Any CPU
	EndGlobalSection
	GlobalSection(ProjectConfigurationPlatforms) = postSolution
		{A9A9A3C2-DC38-4756-9552-4613C69CE873}.Debug|Any CPU.ActiveCfg = Debug|Any CPU
		{A9A9A3C2-DC38-4756-9552-4613C69CE873}.Debug|Any CPU.Build.0 = Debug|Any CPU
		{A9A9A3C2-DC38-4756-9552-4613C69CE873}.Release|Any CPU.ActiveCfg = Release|Any CPU
		{A9A9A3C2-DC38-4756-9552-4613C69CE873}.Release|Any CPU.Build.0 = Release|Any CPU
		{4B5FD4B5-ADCD-4377-A9B2-E8F997F6F2ED}.Debug|Any CPU.ActiveCfg = Debug|Any CPU
		{4B5FD4B5-ADCD-4377-A9B2-E8F997F6F2ED}.Debug|Any CPU.Build.0 = Debug|Any CPU
		{4B5FD4B5-ADCD-4377-A9B2-E8F997F6F2ED}.Release|Any CPU.ActiveCfg = Release|Any CPU
		{4B5FD4B5-ADCD-4377-A9B2-E8F997F6F2ED}.Release|Any CPU.Build.0 = Release|Any CPU
		{7345A530-19F6-4F74-88C0-345182E74A2C}.Debug|Any CPU.ActiveCfg = Debug|Any CPU
		{7345A530-19F6-4F74-88C0-345182E74A2C}.Debug|Any CPU.Build.0 = Debug|Any CPU
		{7345A530-19F6-4F74-88C0-345182E74A2C}.Release|Any CPU.ActiveCfg = Release|Any CPU
		{7345A530-19F6-4F74-88C0-345182E74A2C}.Release|Any CPU.Build.0 = Release|Any CPU
		{15F28358-9B78-47E7-9C96-B1DDA7974D5D}.Debug|Any CPU.ActiveCfg = Debug|Any CPU
		{15F28358-9B78-47E7-9C96-B1DDA7974D5D}.Debug|Any CPU.Build.0 = Debug|Any CPU
		{15F28358-9B78-47E7-9C96-B1DDA7974D5D}.Release|Any CPU.ActiveCfg = Release|Any CPU
		{15F28358-9B78-47E7-9C96-B1DDA7974D5D}.Release|Any CPU.Build.0 = Release|Any CPU
		{61E12C78-931E-49BB-9A70-06EE128B2215}.Debug|Any CPU.ActiveCfg = Debug|Any CPU
		{61E12C78-931E-49BB-9A70-06EE128B2215}.Debug|Any CPU.Build.0 = Debug|Any CPU
		{61E12C78-931E-49BB-9A70-06EE128B2215}.Release|Any CPU.ActiveCfg = Release|Any CPU
		{61E12C78-931E-49BB-9A70-06EE128B2215}.Release|Any CPU.Build.0 = Release|Any CPU
		{2AF0DFB2-57C0-4A0B-9197-7D6E9817607F}.Debug|Any CPU.ActiveCfg = Debug|Any CPU
		{2AF0DFB2-57C0-4A0B-9197-7D6E9817607F}.Debug|Any CPU.Build.0 = Debug|Any CPU
		{2AF0DFB2-57C0-4A0B-9197-7D6E9817607F}.Release|Any CPU.ActiveCfg = Release|Any CPU
		{2AF0DFB2-57C0-4A0B-9197-7D6E9817607F}.Release|Any CPU.Build.0 = Release|Any CPU
		{13BDA3AE-57B1-43BA-A01B-7F7CFE670BF0}.Debug|Any CPU.ActiveCfg = Debug|Any CPU
		{13BDA3AE-57B1-43BA-A01B-7F7CFE670BF0}.Debug|Any CPU.Build.0 = Debug|Any CPU
		{13BDA3AE-57B1-43BA-A01B-7F7CFE670BF0}.Release|Any CPU.ActiveCfg = Release|Any CPU
		{13BDA3AE-57B1-43BA-A01B-7F7CFE670BF0}.Release|Any CPU.Build.0 = Release|Any CPU
		{2060882B-D70C-43A3-A185-CDE54DFF98F7}.Debug|Any CPU.ActiveCfg = Debug|Any CPU
		{2060882B-D70C-43A3-A185-CDE54DFF98F7}.Debug|Any CPU.Build.0 = Debug|Any CPU
		{2060882B-D70C-43A3-A185-CDE54DFF98F7}.Release|Any CPU.ActiveCfg = Release|Any CPU
		{2060882B-D70C-43A3-A185-CDE54DFF98F7}.Release|Any CPU.Build.0 = Release|Any CPU
		{0F18CEA3-AB2C-4108-9C12-CF8258431770}.Debug|Any CPU.ActiveCfg = Debug|Any CPU
		{0F18CEA3-AB2C-4108-9C12-CF8258431770}.Debug|Any CPU.Build.0 = Debug|Any CPU
		{0F18CEA3-AB2C-4108-9C12-CF8258431770}.Release|Any CPU.ActiveCfg = Release|Any CPU
		{0F18CEA3-AB2C-4108-9C12-CF8258431770}.Release|Any CPU.Build.0 = Release|Any CPU
	EndGlobalSection
	GlobalSection(SolutionProperties) = preSolution
		HideSolutionNode = FALSE
	EndGlobalSection
	GlobalSection(NestedProjects) = preSolution
		{A9A9A3C2-DC38-4756-9552-4613C69CE873} = {FB814DA0-8926-4E9C-9C30-75DEA5F680D2}
		{4B5FD4B5-ADCD-4377-A9B2-E8F997F6F2ED} = {FB814DA0-8926-4E9C-9C30-75DEA5F680D2}
		{7345A530-19F6-4F74-88C0-345182E74A2C} = {99F16AFA-4E15-4CDD-816C-56FB3C66735F}
		{15F28358-9B78-47E7-9C96-B1DDA7974D5D} = {99F16AFA-4E15-4CDD-816C-56FB3C66735F}
		{61E12C78-931E-49BB-9A70-06EE128B2215} = {99F16AFA-4E15-4CDD-816C-56FB3C66735F}
		{2AF0DFB2-57C0-4A0B-9197-7D6E9817607F} = {51FD898F-DB00-40DD-B346-1D35E9848731}
		{13BDA3AE-57B1-43BA-A01B-7F7CFE670BF0} = {51FD898F-DB00-40DD-B346-1D35E9848731}
		{2060882B-D70C-43A3-A185-CDE54DFF98F7} = {51FD898F-DB00-40DD-B346-1D35E9848731}
		{0F18CEA3-AB2C-4108-9C12-CF8258431770} = {51FD898F-DB00-40DD-B346-1D35E9848731}
	EndGlobalSection
	GlobalSection(ExtensibilityGlobals) = postSolution
		SolutionGuid = {516B6B37-8FB1-4A5F-B4CC-61ED291D4E2F}
	EndGlobalSection
EndGlobal
